PODS:
  - Alamofire (5.0.0-rc.2)
  - AlamofireObjectMapper (6.2.0):
    - Alamofire (= 5.0.0-rc.2)
    - ObjectMapper (~> 3.5.1)
  - AppAuth (1.6.2):
    - AppAuth/Core (= 1.6.2)
    - AppAuth/ExternalUserAgent (= 1.6.2)
  - AppAuth/Core (1.6.2)
  - AppAuth/ExternalUserAgent (1.6.2):
    - AppAuth/Core
  - audio_session (0.0.1):
    - Flutter
  - audioplayers_darwin (0.0.1):
    - Flutter
  - Braintree/ApplePay (5.6.3):
    - Braintree/Core
  - Braintree/Card (5.6.3):
    - Braintree/Core
  - Braintree/Core (5.6.3)
  - Braintree/PaymentFlow (5.6.3):
    - Braintree/Core
    - Braintree/PayPalDataCollector
  - Braintree/PayPal (5.6.3):
    - Braintree/Core
    - Braintree/PayPalDataCollector
  - Braintree/PayPalDataCollector (5.6.3)
  - Braintree/ThreeDSecure (5.6.3):
    - Braintree/Card
    - Braintree/PaymentFlow
  - Braintree/UnionPay (5.6.3):
    - Braintree/Card
  - Braintree/Venmo (5.6.3):
    - Braintree/Core
  - BraintreeDropIn (9.4.0):
    - Braintree/ApplePay (~> 5.6.1)
    - Braintree/Card (~> 5.6.1)
    - Braintree/Core (~> 5.6.1)
    - Braintree/PayPal (~> 5.6.1)
    - Braintree/ThreeDSecure (~> 5.6.1)
    - Braintree/UnionPay (~> 5.6.1)
    - Braintree/Venmo (~> 5.6.1)
  - cashfree_pg (0.0.1):
    - Flutter
  - connectivity_plus (0.0.1):
    - Flutter
    - ReachabilitySwift
  - device_info_plus (0.0.1):
    - Flutter
  - DKImagePickerController/Core (4.3.4):
    - DKImagePickerController/ImageDataManager
    - DKImagePickerController/Resource
  - DKImagePickerController/ImageDataManager (4.3.4)
  - DKImagePickerController/PhotoGallery (4.3.4):
    - DKImagePickerController/Core
    - DKPhotoGallery
  - DKImagePickerController/Resource (4.3.4)
  - DKPhotoGallery (0.0.17):
    - DKPhotoGallery/Core (= 0.0.17)
    - DKPhotoGallery/Model (= 0.0.17)
    - DKPhotoGallery/Preview (= 0.0.17)
    - DKPhotoGallery/Resource (= 0.0.17)
    - SDWebImage
    - SwiftyGif
  - DKPhotoGallery/Core (0.0.17):
    - DKPhotoGallery/Model
    - DKPhotoGallery/Preview
    - SDWebImage
    - SwiftyGif
  - DKPhotoGallery/Model (0.0.17):
    - SDWebImage
    - SwiftyGif
  - DKPhotoGallery/Preview (0.0.17):
    - DKPhotoGallery/Model
    - DKPhotoGallery/Resource
    - SDWebImage
    - SwiftyGif
  - DKPhotoGallery/Resource (0.0.17):
    - SDWebImage
    - SwiftyGif
  - facebook_audience_network (0.0.1):
    - FBAudienceNetwork (~> 6.3)
    - Flutter
  - FBAEMKit (15.1.0):
    - FBSDKCoreKit_Basics (= 15.1.0)
  - FBAudienceNetwork (6.14.0)
  - FBSDKCoreKit (15.1.0):
    - FBAEMKit (= 15.1.0)
    - FBSDKCoreKit_Basics (= 15.1.0)
  - FBSDKCoreKit_Basics (15.1.0)
  - FBSDKLoginKit (15.1.0):
    - FBSDKCoreKit (= 15.1.0)
  - file_picker (0.0.1):
    - DKImagePickerController/PhotoGallery
    - Flutter
  - Firebase/Analytics (10.20.0):
    - Firebase/Core
  - Firebase/Auth (10.20.0):
    - Firebase/CoreOnly
    - FirebaseAuth (~> 10.20.0)
  - Firebase/Core (10.20.0):
    - Firebase/CoreOnly
    - FirebaseAnalytics (~> 10.20.0)
  - Firebase/CoreOnly (10.20.0):
    - FirebaseCore (= 10.20.0)
  - Firebase/Messaging (10.20.0):
    - Firebase/CoreOnly
    - FirebaseMessaging (~> 10.20.0)
  - firebase_analytics (10.8.6):
    - Firebase/Analytics (= 10.20.0)
    - firebase_core
    - Flutter
  - firebase_auth (4.17.4):
    - Firebase/Auth (= 10.20.0)
    - firebase_core
    - Flutter
  - firebase_core (2.25.4):
    - Firebase/CoreOnly (= 10.20.0)
    - Flutter
  - firebase_messaging (14.7.15):
    - Firebase/Messaging (= 10.20.0)
    - firebase_core
    - Flutter
  - FirebaseAnalytics (10.20.0):
    - FirebaseAnalytics/AdIdSupport (= 10.20.0)
    - FirebaseCore (~> 10.0)
    - FirebaseInstallations (~> 10.0)
    - GoogleUtilities/AppDelegateSwizzler (~> 7.11)
    - GoogleUtilities/MethodSwizzler (~> 7.11)
    - GoogleUtilities/Network (~> 7.11)
    - "GoogleUtilities/NSData+zlib (~> 7.11)"
    - nanopb (< 2.30910.0, >= 2.30908.0)
  - FirebaseAnalytics/AdIdSupport (10.20.0):
    - FirebaseCore (~> 10.0)
    - FirebaseInstallations (~> 10.0)
    - GoogleAppMeasurement (= 10.20.0)
    - GoogleUtilities/AppDelegateSwizzler (~> 7.11)
    - GoogleUtilities/MethodSwizzler (~> 7.11)
    - GoogleUtilities/Network (~> 7.11)
    - "GoogleUtilities/NSData+zlib (~> 7.11)"
    - nanopb (< 2.30910.0, >= 2.30908.0)
  - FirebaseAppCheckInterop (10.21.0)
  - FirebaseAuth (10.20.0):
    - FirebaseAppCheckInterop (~> 10.17)
    - FirebaseCore (~> 10.0)
    - GoogleUtilities/AppDelegateSwizzler (~> 7.8)
    - GoogleUtilities/Environment (~> 7.8)
    - GTMSessionFetcher/Core (< 4.0, >= 2.1)
    - RecaptchaInterop (~> 100.0)
  - FirebaseCore (10.20.0):
    - FirebaseCoreInternal (~> 10.0)
    - GoogleUtilities/Environment (~> 7.12)
    - GoogleUtilities/Logger (~> 7.12)
  - FirebaseCoreInternal (10.21.0):
    - "GoogleUtilities/NSData+zlib (~> 7.8)"
  - FirebaseInstallations (10.21.0):
    - FirebaseCore (~> 10.0)
    - GoogleUtilities/Environment (~> 7.8)
    - GoogleUtilities/UserDefaults (~> 7.8)
    - PromisesObjC (~> 2.1)
  - FirebaseMessaging (10.20.0):
    - FirebaseCore (~> 10.0)
    - FirebaseInstallations (~> 10.0)
    - GoogleDataTransport (~> 9.3)
    - GoogleUtilities/AppDelegateSwizzler (~> 7.8)
    - GoogleUtilities/Environment (~> 7.8)
    - GoogleUtilities/Reachability (~> 7.8)
    - GoogleUtilities/UserDefaults (~> 7.8)
    - nanopb (< 2.30910.0, >= 2.30908.0)
  - Flutter (1.0.0)
  - flutter_braintree (1.0.0):
    - Braintree/ApplePay (~> 5.6.3)
    - Braintree/PayPal (~> 5.6.3)
    - BraintreeDropIn (= 9.4.0)
    - Flutter
  - flutter_downloader (0.0.1):
    - Flutter
  - flutter_facebook_auth (5.0.4):
    - FBSDKLoginKit (~> 15.1.0)
    - Flutter
  - flutter_inapp_purchase (0.0.1):
    - Flutter
  - flutter_inappwebview (0.0.1):
    - Flutter
    - flutter_inappwebview/Core (= 0.0.1)
    - OrderedSet (~> 5.0)
  - flutter_inappwebview/Core (0.0.1):
    - Flutter
    - OrderedSet (~> 5.0)
  - flutter_localization (0.0.1):
    - Flutter
  - flutter_lwa (0.0.1):
    - Flutter
  - flutter_paystack (0.0.1):
    - Flutter
  - flutter_secure_storage (6.0.0):
    - Flutter
  - fluttertoast (0.0.2):
    - Flutter
    - Toast
  - FMDB (2.7.5):
    - FMDB/standard (= 2.7.5)
  - FMDB/standard (2.7.5)
  - Google-Mobile-Ads-SDK (9.14.0):
    - GoogleAppMeasurement (< 11.0, >= 7.0)
    - GoogleUserMessagingPlatform (>= 1.1)
  - google_mobile_ads (1.0.0):
    - Flutter
    - Google-Mobile-Ads-SDK (~> 9.13)
  - google_sign_in_ios (0.0.1):
    - Flutter
    - GoogleSignIn (~> 6.2)
  - GoogleAppMeasurement (10.20.0):
    - GoogleAppMeasurement/AdIdSupport (= 10.20.0)
    - GoogleUtilities/AppDelegateSwizzler (~> 7.11)
    - GoogleUtilities/MethodSwizzler (~> 7.11)
    - GoogleUtilities/Network (~> 7.11)
    - "GoogleUtilities/NSData+zlib (~> 7.11)"
    - nanopb (< 2.30910.0, >= 2.30908.0)
  - GoogleAppMeasurement/AdIdSupport (10.20.0):
    - GoogleAppMeasurement/WithoutAdIdSupport (= 10.20.0)
    - GoogleUtilities/AppDelegateSwizzler (~> 7.11)
    - GoogleUtilities/MethodSwizzler (~> 7.11)
    - GoogleUtilities/Network (~> 7.11)
    - "GoogleUtilities/NSData+zlib (~> 7.11)"
    - nanopb (< 2.30910.0, >= 2.30908.0)
  - GoogleAppMeasurement/WithoutAdIdSupport (10.20.0):
    - GoogleUtilities/AppDelegateSwizzler (~> 7.11)
    - GoogleUtilities/MethodSwizzler (~> 7.11)
    - GoogleUtilities/Network (~> 7.11)
    - "GoogleUtilities/NSData+zlib (~> 7.11)"
    - nanopb (< 2.30910.0, >= 2.30908.0)
  - GoogleDataTransport (9.3.0):
    - GoogleUtilities/Environment (~> 7.7)
    - nanopb (< 2.30910.0, >= 2.30908.0)
    - PromisesObjC (< 3.0, >= 1.2)
  - GoogleSignIn (6.2.4):
    - AppAuth (~> 1.5)
    - GTMAppAuth (~> 1.3)
    - GTMSessionFetcher/Core (< 3.0, >= 1.1)
  - GoogleUserMessagingPlatform (2.1.0)
  - GoogleUtilities/AppDelegateSwizzler (7.12.0):
    - GoogleUtilities/Environment
    - GoogleUtilities/Logger
    - GoogleUtilities/Network
  - GoogleUtilities/Environment (7.12.0):
    - PromisesObjC (< 3.0, >= 1.2)
  - GoogleUtilities/Logger (7.12.0):
    - GoogleUtilities/Environment
  - GoogleUtilities/MethodSwizzler (7.12.0):
    - GoogleUtilities/Logger
  - GoogleUtilities/Network (7.12.0):
    - GoogleUtilities/Logger
    - "GoogleUtilities/NSData+zlib"
    - GoogleUtilities/Reachability
  - "GoogleUtilities/NSData+zlib (7.12.0)"
  - GoogleUtilities/Reachability (7.12.0):
    - GoogleUtilities/Logger
  - GoogleUtilities/UserDefaults (7.12.0):
    - GoogleUtilities/Logger
  - GTMAppAuth (1.3.1):
    - AppAuth/Core (~> 1.6)
    - GTMSessionFetcher/Core (< 3.0, >= 1.5)
  - GTMSessionFetcher/Core (2.3.0)
  - image_picker_ios (0.0.1):
    - Flutter
  - just_audio (0.0.1):
    - Flutter
  - launch_review (0.0.1):
    - Flutter
  - nanopb (2.30909.1):
    - nanopb/decode (= 2.30909.1)
    - nanopb/encode (= 2.30909.1)
  - nanopb/decode (2.30909.1)
  - nanopb/encode (2.30909.1)
  - ObjectMapper (3.5.3)
  - onesignal_flutter (3.5.1):
    - Flutter
    - OneSignalXCFramework (= 3.12.4)
  - OneSignalXCFramework (3.12.4):
    - OneSignalXCFramework/OneSignalCore (= 3.12.4)
    - OneSignalXCFramework/OneSignalExtension (= 3.12.4)
    - OneSignalXCFramework/OneSignalOutcomes (= 3.12.4)
  - OneSignalXCFramework/OneSignalCore (3.12.4)
  - OneSignalXCFramework/OneSignalExtension (3.12.4):
    - OneSignalXCFramework/OneSignalCore
    - OneSignalXCFramework/OneSignalOutcomes
  - OneSignalXCFramework/OneSignalOutcomes (3.12.4):
    - OneSignalXCFramework/OneSignalCore
  - OrderedSet (5.0.0)
  - package_info_plus (0.4.5):
    - Flutter
  - path_provider_foundation (0.0.1):
    - Flutter
    - FlutterMacOS
  - payhere_mobilesdk_flutter (3.0.4):
    - Flutter
    - payHereSDK (= 3.0.5)
  - payHereSDK (3.0.5):
    - Alamofire (~> 5.0.0-rc.2)
    - AlamofireObjectMapper
    - SDWebImage
  - paytm (0.0.1):
    - Flutter
  - permission_handler_apple (9.1.1):
    - Flutter
  - PromisesObjC (2.3.1)
  - razorpay-pod (1.3.6)
  - razorpay_flutter (1.1.10):
    - Flutter
    - razorpay-pod
  - ReachabilitySwift (5.0.0)
  - RecaptchaInterop (100.0.0)
  - SDWebImage (5.18.11):
    - SDWebImage/Core (= 5.18.11)
  - SDWebImage/Core (5.18.11)
  - share_plus (0.0.1):
    - Flutter
  - shared_preferences_foundation (0.0.1):
    - Flutter
    - FlutterMacOS
  - sqflite (0.0.3):
    - Flutter
    - FMDB (>= 2.7.5)
  - SwiftyGif (5.4.4)
  - syncfusion_flutter_pdfviewer (0.0.1):
    - Flutter
  - Toast (4.1.0)
  - unity_ads_plugin (0.0.1):
    - Flutter
    - UnityAds (= 4.6.1)
  - UnityAds (4.6.1)
  - url_launcher_ios (0.0.1):
    - Flutter
  - video_player_avfoundation (0.0.1):
    - Flutter
    - FlutterMacOS
  - wakelock_plus (0.0.1):
    - Flutter
  - webview_flutter_wkwebview (0.0.1):
    - Flutter

DEPENDENCIES:
  - audio_session (from `.symlinks/plugins/audio_session/ios`)
  - audioplayers_darwin (from `.symlinks/plugins/audioplayers_darwin/ios`)
  - cashfree_pg (from `.symlinks/plugins/cashfree_pg/ios`)
  - connectivity_plus (from `.symlinks/plugins/connectivity_plus/ios`)
  - device_info_plus (from `.symlinks/plugins/device_info_plus/ios`)
  - facebook_audience_network (from `.symlinks/plugins/facebook_audience_network/ios`)
  - file_picker (from `.symlinks/plugins/file_picker/ios`)
  - firebase_analytics (from `.symlinks/plugins/firebase_analytics/ios`)
  - firebase_auth (from `.symlinks/plugins/firebase_auth/ios`)
  - firebase_core (from `.symlinks/plugins/firebase_core/ios`)
  - firebase_messaging (from `.symlinks/plugins/firebase_messaging/ios`)
  - Flutter (from `Flutter`)
  - flutter_braintree (from `.symlinks/plugins/flutter_braintree/ios`)
  - flutter_downloader (from `.symlinks/plugins/flutter_downloader/ios`)
  - flutter_facebook_auth (from `.symlinks/plugins/flutter_facebook_auth/ios`)
  - flutter_inapp_purchase (from `.symlinks/plugins/flutter_inapp_purchase/ios`)
  - flutter_inappwebview (from `.symlinks/plugins/flutter_inappwebview/ios`)
  - flutter_localization (from `.symlinks/plugins/flutter_localization/ios`)
  - flutter_lwa (from `.symlinks/plugins/flutter_lwa/ios`)
  - flutter_paystack (from `.symlinks/plugins/flutter_paystack/ios`)
  - flutter_secure_storage (from `.symlinks/plugins/flutter_secure_storage/ios`)
  - fluttertoast (from `.symlinks/plugins/fluttertoast/ios`)
  - google_mobile_ads (from `.symlinks/plugins/google_mobile_ads/ios`)
  - google_sign_in_ios (from `.symlinks/plugins/google_sign_in_ios/ios`)
  - image_picker_ios (from `.symlinks/plugins/image_picker_ios/ios`)
  - just_audio (from `.symlinks/plugins/just_audio/ios`)
  - launch_review (from `.symlinks/plugins/launch_review/ios`)
  - onesignal_flutter (from `.symlinks/plugins/onesignal_flutter/ios`)
  - OneSignalXCFramework (< 4.0, >= 3.4.3)
  - package_info_plus (from `.symlinks/plugins/package_info_plus/ios`)
  - path_provider_foundation (from `.symlinks/plugins/path_provider_foundation/darwin`)
  - payhere_mobilesdk_flutter (from `.symlinks/plugins/payhere_mobilesdk_flutter/ios`)
  - paytm (from `.symlinks/plugins/paytm/ios`)
  - permission_handler_apple (from `.symlinks/plugins/permission_handler_apple/ios`)
  - razorpay_flutter (from `.symlinks/plugins/razorpay_flutter/ios`)
  - share_plus (from `.symlinks/plugins/share_plus/ios`)
  - shared_preferences_foundation (from `.symlinks/plugins/shared_preferences_foundation/darwin`)
  - sqflite (from `.symlinks/plugins/sqflite/ios`)
  - syncfusion_flutter_pdfviewer (from `.symlinks/plugins/syncfusion_flutter_pdfviewer/ios`)
  - unity_ads_plugin (from `.symlinks/plugins/unity_ads_plugin/ios`)
  - url_launcher_ios (from `.symlinks/plugins/url_launcher_ios/ios`)
  - video_player_avfoundation (from `.symlinks/plugins/video_player_avfoundation/darwin`)
  - wakelock_plus (from `.symlinks/plugins/wakelock_plus/ios`)
  - webview_flutter_wkwebview (from `.symlinks/plugins/webview_flutter_wkwebview/ios`)

SPEC REPOS:
  trunk:
    - Alamofire
    - AlamofireObjectMapper
    - AppAuth
    - Braintree
    - BraintreeDropIn
    - DKImagePickerController
    - DKPhotoGallery
    - FBAEMKit
    - FBAudienceNetwork
    - FBSDKCoreKit
    - FBSDKCoreKit_Basics
    - FBSDKLoginKit
    - Firebase
    - FirebaseAnalytics
    - FirebaseAppCheckInterop
    - FirebaseAuth
    - FirebaseCore
    - FirebaseCoreInternal
    - FirebaseInstallations
    - FirebaseMessaging
    - FMDB
    - Google-Mobile-Ads-SDK
    - GoogleAppMeasurement
    - GoogleDataTransport
    - GoogleSignIn
    - GoogleUserMessagingPlatform
    - GoogleUtilities
    - GTMAppAuth
    - GTMSessionFetcher
    - nanopb
    - ObjectMapper
    - OneSignalXCFramework
    - OrderedSet
    - payHereSDK
    - PromisesObjC
    - razorpay-pod
    - ReachabilitySwift
    - RecaptchaInterop
    - SDWebImage
    - SwiftyGif
    - Toast
    - UnityAds

EXTERNAL SOURCES:
  audio_session:
    :path: ".symlinks/plugins/audio_session/ios"
  audioplayers_darwin:
    :path: ".symlinks/plugins/audioplayers_darwin/ios"
  cashfree_pg:
    :path: ".symlinks/plugins/cashfree_pg/ios"
  connectivity_plus:
    :path: ".symlinks/plugins/connectivity_plus/ios"
  device_info_plus:
    :path: ".symlinks/plugins/device_info_plus/ios"
  facebook_audience_network:
    :path: ".symlinks/plugins/facebook_audience_network/ios"
  file_picker:
    :path: ".symlinks/plugins/file_picker/ios"
  firebase_analytics:
    :path: ".symlinks/plugins/firebase_analytics/ios"
  firebase_auth:
    :path: ".symlinks/plugins/firebase_auth/ios"
  firebase_core:
    :path: ".symlinks/plugins/firebase_core/ios"
  firebase_messaging:
    :path: ".symlinks/plugins/firebase_messaging/ios"
  Flutter:
    :path: Flutter
  flutter_braintree:
    :path: ".symlinks/plugins/flutter_braintree/ios"
  flutter_downloader:
    :path: ".symlinks/plugins/flutter_downloader/ios"
  flutter_facebook_auth:
    :path: ".symlinks/plugins/flutter_facebook_auth/ios"
  flutter_inapp_purchase:
    :path: ".symlinks/plugins/flutter_inapp_purchase/ios"
  flutter_inappwebview:
    :path: ".symlinks/plugins/flutter_inappwebview/ios"
  flutter_localization:
    :path: ".symlinks/plugins/flutter_localization/ios"
  flutter_lwa:
    :path: ".symlinks/plugins/flutter_lwa/ios"
  flutter_paystack:
    :path: ".symlinks/plugins/flutter_paystack/ios"
  flutter_secure_storage:
    :path: ".symlinks/plugins/flutter_secure_storage/ios"
  fluttertoast:
    :path: ".symlinks/plugins/fluttertoast/ios"
  google_mobile_ads:
    :path: ".symlinks/plugins/google_mobile_ads/ios"
  google_sign_in_ios:
    :path: ".symlinks/plugins/google_sign_in_ios/ios"
  image_picker_ios:
    :path: ".symlinks/plugins/image_picker_ios/ios"
  just_audio:
    :path: ".symlinks/plugins/just_audio/ios"
  launch_review:
    :path: ".symlinks/plugins/launch_review/ios"
  onesignal_flutter:
    :path: ".symlinks/plugins/onesignal_flutter/ios"
  package_info_plus:
    :path: ".symlinks/plugins/package_info_plus/ios"
  path_provider_foundation:
    :path: ".symlinks/plugins/path_provider_foundation/darwin"
  payhere_mobilesdk_flutter:
    :path: ".symlinks/plugins/payhere_mobilesdk_flutter/ios"
  paytm:
    :path: ".symlinks/plugins/paytm/ios"
  permission_handler_apple:
    :path: ".symlinks/plugins/permission_handler_apple/ios"
  razorpay_flutter:
    :path: ".symlinks/plugins/razorpay_flutter/ios"
  share_plus:
    :path: ".symlinks/plugins/share_plus/ios"
  shared_preferences_foundation:
    :path: ".symlinks/plugins/shared_preferences_foundation/darwin"
  sqflite:
    :path: ".symlinks/plugins/sqflite/ios"
  syncfusion_flutter_pdfviewer:
    :path: ".symlinks/plugins/syncfusion_flutter_pdfviewer/ios"
  unity_ads_plugin:
    :path: ".symlinks/plugins/unity_ads_plugin/ios"
  url_launcher_ios:
    :path: ".symlinks/plugins/url_launcher_ios/ios"
  video_player_avfoundation:
    :path: ".symlinks/plugins/video_player_avfoundation/darwin"
  wakelock_plus:
    :path: ".symlinks/plugins/wakelock_plus/ios"
  webview_flutter_wkwebview:
    :path: ".symlinks/plugins/webview_flutter_wkwebview/ios"

SPEC CHECKSUMS:
  Alamofire: f9450d3c7f6bea2ad62e7a541c3e9b186c7991d6
  AlamofireObjectMapper: 74d1440c92c42bbcc2b5f4dc81654ac095ec669f
  AppAuth: 3bb1d1cd9340bd09f5ed189fb00b1cc28e1e8570
  audio_session: 4f3e461722055d21515cf3261b64c973c062f345
  audioplayers_darwin: 877d9a4d06331c5c374595e46e16453ac7eafa40
  Braintree: cef7388a3647515f1e0861e52200c2f3dad0f98f
  BraintreeDropIn: 89df35f840004affa22ebb8f06b12d20615411bf
  cashfree_pg: 36bb2a5b4cc228a7697f55c55300b4a8b42fff00
  connectivity_plus: 413a8857dd5d9f1c399a39130850d02fe0feaf7e
  device_info_plus: 7545d84d8d1b896cb16a4ff98c19f07ec4b298ea
  DKImagePickerController: b512c28220a2b8ac7419f21c491fc8534b7601ac
  DKPhotoGallery: fdfad5125a9fdda9cc57df834d49df790dbb4179
  facebook_audience_network: bb22bdda913d419d8c3247c9570bda4563302417
  FBAEMKit: c7f82b5145d446bcbbcd50485c032689032fc6a2
  FBAudienceNetwork: 4d6223a9a88a22e9dca8c9e6c1829a8745b86228
  FBSDKCoreKit: 7542746fc63a2a38dd6a865eeb54268341f37b83
  FBSDKCoreKit_Basics: 92d6b26c0bed30ab09bbdd96dccaa26e6c9978d1
  FBSDKLoginKit: 4e275d30cf90e92bdf3a7c82857a8642abf23037
  file_picker: ce3938a0df3cc1ef404671531facef740d03f920
  Firebase: 10c8cb12fb7ad2ae0c09ffc86cd9c1ab392a0031
  firebase_analytics: 9c600045bfb4d16dd78593d18f32c99bb77e5001
  firebase_auth: 29a10d4129d53aa690c10dbd838ed1a059ef0c9b
  firebase_core: a46c312d8bae4defa3d009b2aa7b5b413aeb394e
  firebase_messaging: 40d7dd2f3e88a6367c7326cf601f84633d477582
  FirebaseAnalytics: a2731bf3670747ce8f65368b118d18aa8e368246
  FirebaseAppCheckInterop: 69fc7d8f6a1cbfa973efb8d1723651de30d12525
  FirebaseAuth: 9c5c400d2c3055d8ae3a0284944c86fa95d48dac
  FirebaseCore: 28045c1560a2600d284b9c45a904fe322dc890b6
  FirebaseCoreInternal: 43c1788eaeee9d1b97caaa751af567ce11010d00
  FirebaseInstallations: 390ea1d10a4d02b20c965cbfd527ee9b3b412acb
  FirebaseMessaging: 06c414a21b122396a26847c523d5c370f8325df5
  Flutter: e0871f40cf51350855a761d2e70bf5af5b9b5de7
  flutter_braintree: 72276002464c36b1d5a6266fbdb94c0b600e62fd
  flutter_downloader: 058b9c41564a90500f67f3e432e3524613a7fd83
  flutter_facebook_auth: c69f4e643b1d9cc9063ec87c9411bd9ec268108f
  flutter_inapp_purchase: 5c6a1ac3f11b11d0c8c0321c0c41c1f05805e4c8
  flutter_inappwebview: acd4fc0f012cefd09015000c241137d82f01ba62
  flutter_localization: f43b18844a2b3d2c71fd64f04ffd6b1e64dd54d4
  flutter_lwa: f09139d09b6ca13b2e94ca0f73f1cd7309368fc7
  flutter_paystack: 50021637b71e7712780744f69d2843e71b65175d
  flutter_secure_storage: 23fc622d89d073675f2eaa109381aefbcf5a49be
  fluttertoast: 31b00dabfa7fb7bacd9e7dbee580d7a2ff4bf265
  FMDB: 2ce00b547f966261cd18927a3ddb07cb6f3db82a
  Google-Mobile-Ads-SDK: 4fe6304b771f8467d29978cb790ec1e56e646946
  google_mobile_ads: 528ab4673c5b5fd36321b7e90fc585064cdbaf2b
  google_sign_in_ios: 1256ff9d941db546373826966720b0c24804bcdd
  GoogleAppMeasurement: bb3c564c3efb933136af0e94899e0a46167466a8
  GoogleDataTransport: 57c22343ab29bc686febbf7cbb13bad167c2d8fe
  GoogleSignIn: 5651ce3a61e56ca864160e79b484cd9ed3f49b7a
  GoogleUserMessagingPlatform: dce302b8f1b84d6e945812ee7a15c3f65a102cbf
  GoogleUtilities: 0759d1a57ebb953965c2dfe0ba4c82e95ccc2e34
  GTMAppAuth: 0ff230db599948a9ad7470ca667337803b3fc4dd
  GTMSessionFetcher: 3a63d75eecd6aa32c2fc79f578064e1214dfdec2
  image_picker_ios: 4a8aadfbb6dc30ad5141a2ce3832af9214a705b5
  just_audio: baa7252489dbcf47a4c7cc9ca663e9661c99aafa
  launch_review: 75d5a956ba8eaa493e9c9d4bf4c05e505e8d5ed0
  nanopb: d4d75c12cd1316f4a64e3c6963f879ecd4b5e0d5
  ObjectMapper: 97111c97e054a6ee25917662106689f0b4127b37
  onesignal_flutter: b8ac01bc3ebe47e798d7d775455c3a9b5b84f1c5
  OneSignalXCFramework: 087934ab0d4d7445fcf1c015c7c782359e26c020
  OrderedSet: aaeb196f7fef5a9edf55d89760da9176ad40b93c
  package_info_plus: fd030dabf36271f146f1f3beacd48f564b0f17f7
  path_provider_foundation: eaf5b3e458fc0e5fbb9940fb09980e853fe058b8
  payhere_mobilesdk_flutter: 0c66ccf33db8ded7bca47e4160350c3bbc0ce79e
  payHereSDK: 4f21d4c3b9158247827277dea7de25da216e4541
  paytm: e6c2885af0c3db275f669b942b722ac3fc507249
  permission_handler_apple: e76247795d700c14ea09e3a2d8855d41ee80a2e6
  PromisesObjC: c50d2056b5253dadbd6c2bea79b0674bd5a52fa4
  razorpay-pod: 29b4d9e0a868a9234eaa7be0fbd09484bbfa9973
  razorpay_flutter: 84b3bfd206ae9c9c2a9ba585524a1b3d8102b6c1
  ReachabilitySwift: 985039c6f7b23a1da463388634119492ff86c825
  RecaptchaInterop: 7d1a4a01a6b2cb1610a47ef3f85f0c411434cb21
  SDWebImage: a3ba0b8faac7228c3c8eadd1a55c9c9fe5e16457
  share_plus: 599aa54e4ea31d4b4c0e9c911bcc26c55e791028
  shared_preferences_foundation: 5b919d13b803cadd15ed2dc053125c68730e5126
  sqflite: 31f7eba61e3074736dff8807a9b41581e4f7f15a
  SwiftyGif: 93a1cc87bf3a51916001cf8f3d63835fb64c819f
  syncfusion_flutter_pdfviewer: bb9998884b864cfedf72628df3503bdf57e397c0
  Toast: ec33c32b8688982cecc6348adeae667c1b9938da
  unity_ads_plugin: a7c3b00019fc4687a7f92dd448f77dd43bae73c5
  UnityAds: 824808c73af90fe4302ee0594381c8d515e5ce97
  url_launcher_ios: 08a3dfac5fb39e8759aeb0abbd5d9480f30fc8b4
  video_player_avfoundation: 02011213dab73ae3687df27ce441fbbcc82b5579
  wakelock_plus: 8b09852c8876491e4b6d179e17dfe2a0b5f60d47
  webview_flutter_wkwebview: b7e70ef1ddded7e69c796c7390ee74180182971f

PODFILE CHECKSUM: f6eeaa78b99d05d503cbed0773bcabe40f725e58

COCOAPODS: 1.13.0
